
Microsoft Visual Studio Solution File, Format Version 12.00
# Visual Studio Version 17
VisualStudioVersion = 17.7.34031.279
MinimumVisualStudioVersion = 10.0.40219.1
Project("{FAE04EC0-301F-11D3-BF4B-00C04F79EFBC}") = "DMS", "DMS\DMS.csproj", "{EA388452-F5FA-4EB8-B602-5A11E3FF1E17}"
EndProject
Global
	GlobalSection(SolutionConfigurationPlatforms) = preSolution
		Debug|Any CPU = Debug|Any CPU
		Release|Any CPU = Release|Any CPU
	EndGlobalSection
	GlobalSection(ProjectConfigurationPlatforms) = postSolution
		{EA388452-F5FA-4EB8-B602-5A11E3FF1E17}.Debug|Any CPU.ActiveCfg = Debug|Any CPU
		{EA388452-F5FA-4EB8-B602-5A11E3FF1E17}.Debug|Any CPU.Build.0 = Debug|Any CPU
		{EA388452-F5FA-4EB8-B602-5A11E3FF1E17}.Release|Any CPU.ActiveCfg = Release|Any CPU
		{EA388452-F5FA-4EB8-B602-5A11E3FF1E17}.Release|Any CPU.Build.0 = Release|Any CPU
	EndGlobalSection
	GlobalSection(SolutionProperties) = preSolution
		HideSolutionNode = FALSE
	EndGlobalSection
	GlobalSection(ExtensibilityGlobals) = postSolution
		SolutionGuid = {61D2A6BF-36A3-47F3-8DD1-993419F7CE02}
	EndGlobalSection
EndGlobal
